
Microsoft Visual Studio Solution File, Format Version 12.00
# Visual Studio Version 17
VisualStudioVersion = 17.13.35913.81
MinimumVisualStudioVersion = 10.0.40219.1
Project("{FAE04EC0-301F-11D3-BF4B-00C04F79EFBC}") = "PW_13", "PW_13.csproj", "{3ACBA522-899B-4892-BE17-486330341B0D}"
EndProject
Project("{FAE04EC0-301F-11D3-BF4B-00C04F79EFBC}") = "UnitTestProject", "..\UnitTestProject\UnitTestProject.csproj", "{82844100-080A-4689-91D8-B6249F669788}"
EndProject
Global
	GlobalSection(SolutionConfigurationPlatforms) = preSolution
		Debug|Any CPU = Debug|Any CPU
		Release|Any CPU = Release|Any CPU
	EndGlobalSection
	GlobalSection(ProjectConfigurationPlatforms) = postSolution
		{3ACBA522-899B-4892-BE17-486330341B0D}.Debug|Any CPU.ActiveCfg = Debug|Any CPU
		{3ACBA522-899B-4892-BE17-486330341B0D}.Debug|Any CPU.Build.0 = Debug|Any CPU
		{3ACBA522-899B-4892-BE17-486330341B0D}.Release|Any CPU.ActiveCfg = Release|Any CPU
		{3ACBA522-899B-4892-BE17-486330341B0D}.Release|Any CPU.Build.0 = Release|Any CPU
		{82844100-080A-4689-91D8-B6249F669788}.Debug|Any CPU.ActiveCfg = Debug|Any CPU
		{82844100-080A-4689-91D8-B6249F669788}.Debug|Any CPU.Build.0 = Debug|Any CPU
		{82844100-080A-4689-91D8-B6249F669788}.Release|Any CPU.ActiveCfg = Release|Any CPU
		{82844100-080A-4689-91D8-B6249F669788}.Release|Any CPU.Build.0 = Release|Any CPU
	EndGlobalSection
	GlobalSection(SolutionProperties) = preSolution
		HideSolutionNode = FALSE
	EndGlobalSection
	GlobalSection(ExtensibilityGlobals) = postSolution
		SolutionGuid = {BEAB1A4C-D726-419B-9691-BBB7EDE5CA6E}
	EndGlobalSection
EndGlobal
